
Microsoft Visual Studio Solution File, Format Version 12.00
# Visual Studio Version 17
VisualStudioVersion = 17.5.33414.496
MinimumVisualStudioVersion = 10.0.40219.1
Project("{9A19103F-16F7-4668-BE54-9A1E7A4F7556}") = "PitchBlack", "PitchBlack.csproj", "{F83C2454-A3A8-4198-9D7E-11B2F0549A69}"
EndProject
Global
	GlobalSection(SolutionConfigurationPlatforms) = preSolution
		Debug|Any CPU = Debug|Any CPU
		Release|Any CPU = Release|Any CPU
	EndGlobalSection
	GlobalSection(ProjectConfigurationPlatforms) = postSolution
		{F83C2454-A3A8-4198-9D7E-11B2F0549A69}.Debug|Any CPU.ActiveCfg = Debug|Any CPU
		{F83C2454-A3A8-4198-9D7E-11B2F0549A69}.Debug|Any CPU.Build.0 = Debug|Any CPU
		{F83C2454-A3A8-4198-9D7E-11B2F0549A69}.Release|Any CPU.ActiveCfg = Release|Any CPU
		{F83C2454-A3A8-4198-9D7E-11B2F0549A69}.Release|Any CPU.Build.0 = Release|Any CPU
	EndGlobalSection
	GlobalSection(SolutionProperties) = preSolution
		HideSolutionNode = FALSE
	EndGlobalSection
	GlobalSection(ExtensibilityGlobals) = postSolution
		SolutionGuid = {545F18C9-8B30-4D58-876E-9F6E34049E03}
	EndGlobalSection
EndGlobal
