
Microsoft Visual Studio Solution File, Format Version 12.00
# Visual Studio Version 17
VisualStudioVersion = 17.5.33414.496
MinimumVisualStudioVersion = 10.0.40219.1
Project("{9A19103F-16F7-4668-BE54-9A1E7A4F7556}") = "PitchBlack", "PitchBlack.csproj", "{43AB74A0-6A5A-4AB6-ABD0-2B8B4685EBF7}"
EndProject
Global
	GlobalSection(SolutionConfigurationPlatforms) = preSolution
		Debug|Any CPU = Debug|Any CPU
		Release|Any CPU = Release|Any CPU
	EndGlobalSection
	GlobalSection(ProjectConfigurationPlatforms) = postSolution
		{43AB74A0-6A5A-4AB6-ABD0-2B8B4685EBF7}.Debug|Any CPU.ActiveCfg = Debug|Any CPU
		{43AB74A0-6A5A-4AB6-ABD0-2B8B4685EBF7}.Debug|Any CPU.Build.0 = Debug|Any CPU
		{43AB74A0-6A5A-4AB6-ABD0-2B8B4685EBF7}.Release|Any CPU.ActiveCfg = Release|Any CPU
		{43AB74A0-6A5A-4AB6-ABD0-2B8B4685EBF7}.Release|Any CPU.Build.0 = Release|Any CPU
	EndGlobalSection
	GlobalSection(SolutionProperties) = preSolution
		HideSolutionNode = FALSE
	EndGlobalSection
	GlobalSection(ExtensibilityGlobals) = postSolution
		SolutionGuid = {F571E470-FAD3-4494-A7E0-812CC29EA58A}
	EndGlobalSection
EndGlobal
